<Solution>
  <Folder Name="/samples/">
    <Project Path="samples/VSaga.Samples.OrderProcessing.Contracts/VSaga.Samples.OrderProcessing.Contracts.csproj" />
    <Project Path="samples/VSaga.Samples.OrderProcessing/VSaga.Samples.OrderProcessing.csproj" />
  </Folder>
  <Folder Name="/src/">
    <Project Path="src/VSaga.Abstractions/VSaga.Abstractions.csproj" />
    <Project Path="src/VSaga.Chaos/VSaga.Chaos.csproj" />
    <Project Path="src/VSaga.Core/VSaga.Core.csproj" />
    <Project Path="src/VSaga.Dashboard.Api/VSaga.Dashboard.Api.csproj" />
    <Project Path="src/VSaga.Http/VSaga.Http.csproj" />
    <Project Path="src/VSaga.Observability/VSaga.Observability.csproj" />
    <Project Path="src/VSaga.Persistence.EFCore/VSaga.Persistence.EFCore.csproj" />
    <Project Path="src/VSaga.Persistence.EFCore.Postgres/VSaga.Persistence.EFCore.Postgres.csproj" />
    <Project Path="src/VSaga.Persistence.InMemory/VSaga.Persistence.InMemory.csproj" />
    <Project Path="src/VSaga.Persistence.Redis/VSaga.Persistence.Redis.csproj" />
    <Project Path="src/VSaga.Testing/VSaga.Testing.csproj" />
    <Project Path="src/VSaga.Transport.Brighter/VSaga.Transport.Brighter.csproj" />
    <Project Path="src/VSaga.Transport.Common/VSaga.Transport.Common.csproj" />
    <Project Path="src/VSaga.Transport.Http/VSaga.Transport.Http.csproj" />
    <Project Path="src/VSaga.Transport.InMemory/VSaga.Transport.InMemory.csproj" />
    <Project Path="src/VSaga.Transport.MassTransit/VSaga.Transport.MassTransit.csproj" />
    <Project Path="src/VSaga.Transport.RabbitMQ/VSaga.Transport.RabbitMQ.csproj" />
    <Project Path="src/VSaga.Transport.Wolverine/VSaga.Transport.Wolverine.csproj" />
  </Folder>
  <Folder Name="/tools/">
    <Project Path="tools/BackfillStrandedTimeouts/BackfillStrandedTimeouts.csproj" />
  </Folder>
  <Folder Name="/tests/">
    <Project Path="tests/VSaga.Chaos.Tests/VSaga.Chaos.Tests.csproj" />
    <Project Path="tests/VSaga.Core.Tests/VSaga.Core.Tests.csproj" />
    <Project Path="tests/VSaga.Dashboard.Api.Tests/VSaga.Dashboard.Api.Tests.csproj" />
    <Project Path="tests/VSaga.Http.Tests/VSaga.Http.Tests.csproj" />
    <Project Path="tests/VSaga.Persistence.Conformance/VSaga.Persistence.Conformance.csproj" />
    <Project Path="tests/VSaga.Persistence.EFCore.Tests/VSaga.Persistence.EFCore.Tests.csproj" />
    <Project Path="tests/VSaga.Persistence.InMemory.Tests/VSaga.Persistence.InMemory.Tests.csproj" />
    <Project Path="tests/VSaga.Persistence.Redis.Tests/VSaga.Persistence.Redis.Tests.csproj" />
    <Project Path="tests/VSaga.Testing.Tests/VSaga.Testing.Tests.csproj" />
    <Project Path="tests/VSaga.Transport.Brighter.Tests/VSaga.Transport.Brighter.Tests.csproj" />
    <Project Path="tests/VSaga.Transport.Http.Tests/VSaga.Transport.Http.Tests.csproj" />
    <Project Path="tests/VSaga.Transport.InMemory.Tests/VSaga.Transport.InMemory.Tests.csproj" />
    <Project Path="tests/VSaga.Transport.MassTransit.Tests/VSaga.Transport.MassTransit.Tests.csproj" />
    <Project Path="tests/VSaga.Transport.RabbitMQ.Tests/VSaga.Transport.RabbitMQ.Tests.csproj" />
    <Project Path="tests/VSaga.Transport.Wolverine.Tests/VSaga.Transport.Wolverine.Tests.csproj" />
  </Folder>
</Solution>
